
Microsoft Visual Studio Solution File, Format Version 12.00
# Visual Studio Version 17
VisualStudioVersion = 17.11.35208.52
MinimumVisualStudioVersion = 10.0.40219.1
Project("{FAE04EC0-301F-11D3-BF4B-00C04F79EFBC}") = "E-Commerce.Data", "E-Commerce.Data\E-Commerce.Data.csproj", "{4070A3F4-6D0D-42FF-9999-F97DF9F8DA61}"
EndProject
Project("{FAE04EC0-301F-11D3-BF4B-00C04F79EFBC}") = "E-Commerce.Repository", "E-Commerce.Repository\E-Commerce.Repository.csproj", "{E2FEC9F6-A0B2-4EBE-8C8E-574B19E988ED}"
EndProject
Project("{FAE04EC0-301F-11D3-BF4B-00C04F79EFBC}") = "E-Commerce.Service", "E-Commerce.Service\E-Commerce.Service.csproj", "{FB8BAA0A-2E2F-4D61-87BD-EB730EB45921}"
EndProject
Project("{FAE04EC0-301F-11D3-BF4B-00C04F79EFBC}") = "E-Commerce.Web", "E-Commerce.Web\E-Commerce.Web.csproj", "{5A55CE76-0C55-45ED-8D01-37ED6A088D55}"
EndProject
Global
	GlobalSection(SolutionConfigurationPlatforms) = preSolution
		Debug|Any CPU = Debug|Any CPU
		Release|Any CPU = Release|Any CPU
	EndGlobalSection
	GlobalSection(ProjectConfigurationPlatforms) = postSolution
		{4070A3F4-6D0D-42FF-9999-F97DF9F8DA61}.Debug|Any CPU.ActiveCfg = Debug|Any CPU
		{4070A3F4-6D0D-42FF-9999-F97DF9F8DA61}.Debug|Any CPU.Build.0 = Debug|Any CPU
		{4070A3F4-6D0D-42FF-9999-F97DF9F8DA61}.Release|Any CPU.ActiveCfg = Release|Any CPU
		{4070A3F4-6D0D-42FF-9999-F97DF9F8DA61}.Release|Any CPU.Build.0 = Release|Any CPU
		{E2FEC9F6-A0B2-4EBE-8C8E-574B19E988ED}.Debug|Any CPU.ActiveCfg = Debug|Any CPU
		{E2FEC9F6-A0B2-4EBE-8C8E-574B19E988ED}.Debug|Any CPU.Build.0 = Debug|Any CPU
		{E2FEC9F6-A0B2-4EBE-8C8E-574B19E988ED}.Release|Any CPU.ActiveCfg = Release|Any CPU
		{E2FEC9F6-A0B2-4EBE-8C8E-574B19E988ED}.Release|Any CPU.Build.0 = Release|Any CPU
		{FB8BAA0A-2E2F-4D61-87BD-EB730EB45921}.Debug|Any CPU.ActiveCfg = Debug|Any CPU
		{FB8BAA0A-2E2F-4D61-87BD-EB730EB45921}.Debug|Any CPU.Build.0 = Debug|Any CPU
		{FB8BAA0A-2E2F-4D61-87BD-EB730EB45921}.Release|Any CPU.ActiveCfg = Release|Any CPU
		{FB8BAA0A-2E2F-4D61-87BD-EB730EB45921}.Release|Any CPU.Build.0 = Release|Any CPU
		{5A55CE76-0C55-45ED-8D01-37ED6A088D55}.Debug|Any CPU.ActiveCfg = Debug|Any CPU
		{5A55CE76-0C55-45ED-8D01-37ED6A088D55}.Debug|Any CPU.Build.0 = Debug|Any CPU
		{5A55CE76-0C55-45ED-8D01-37ED6A088D55}.Release|Any CPU.ActiveCfg = Release|Any CPU
		{5A55CE76-0C55-45ED-8D01-37ED6A088D55}.Release|Any CPU.Build.0 = Release|Any CPU
	EndGlobalSection
	GlobalSection(SolutionProperties) = preSolution
		HideSolutionNode = FALSE
	EndGlobalSection
	GlobalSection(ExtensibilityGlobals) = postSolution
		SolutionGuid = {9383AC55-F94E-435E-BFBF-8C475B177871}
	EndGlobalSection
EndGlobal
